<?xml version="1.0" encoding="utf-8"?>
<Project ToolsVersion="4.0" xmlns="http://schemas.microsoft.com/developer/msbuild/2003">
  <ItemGroup>
    <Filter Include="Source Files">
      <UniqueIdentifier>{4FC737F1-C7A5-4376-A066-2A32D752A2FF}</UniqueIdentifier>
      <Extensions>cpp;c;cc;cxx;def;odl;idl;hpj;bat;asm;asmx</Extensions>
    </Filter>
    <Filter Include="Header Files">
      <UniqueIdentifier>{93995380-89BD-4b04-88EB-625FBE52EBFB}</UniqueIdentifier>
      <Extensions>h;hh;hpp;hxx;hm;inl;inc;ipp;xsd</Extensions>
    </Filter>
    <Filter Include="Resource Files">
      <UniqueIdentifier>{67DA6AB6-F800-4c08-8B7A-83BB121AAD01}</UniqueIdentifier>
      <Extensions>rc;ico;cur;bmp;dlg;rc2;rct;bin;rgs;gif;jpg;jpeg;jpe;resx;tiff;tif;png;wav;mfcribbon-ms</Extensions>
    </Filter>
    <Filter Include="Header Files\linear_algebra_helper">
      <UniqueIdentifier>{cd9399cc-672d-40d4-82b1-9ff533f840d1}</UniqueIdentifier>
    </Filter>
    <Filter Include="Header Files\helper">
      <UniqueIdentifier>{ddf941f1-83a8-4722-8c39-2094dff6d8f4}</UniqueIdentifier>
    </Filter>
    <Filter Include="Header Files\network">
      <UniqueIdentifier>{0d5b110d-4af0-417a-997e-263f7264e4cd}</UniqueIdentifier>
    </Filter>
    <Filter Include="Source Files\helper">
      <UniqueIdentifier>{ea5b0424-13b1-4444-836c-12392805f9dc}</UniqueIdentifier>
    </Filter>
    <Filter Include="Header Files\tests">
      <UniqueIdentifier>{d379bccf-1a99-4b32-b066-037d196b513c}</UniqueIdentifier>
    </Filter>
  </ItemGroup>
  <ItemGroup>
    <ClCompile Include="escalator_net.cpp">
      <Filter>Source Files</Filter>
    </ClCompile>
    <ClCompile Include="rand_ex.cpp">
      <Filter>Source Files\helper</Filter>
    </ClCompile>
  </ItemGroup>
  <ItemGroup>
    <ClInclude Include="matrix.hpp">
      <Filter>Header Files\linear_algebra_helper</Filter>
    </ClInclude>
    <ClInclude Include="types.hpp">
      <Filter>Header Files\helper</Filter>
    </ClInclude>
    <ClInclude Include="alg.hpp">
      <Filter>Header Files\helper</Filter>
    </ClInclude>
    <ClInclude Include="vmatrix.hpp">
      <Filter>Header Files\linear_algebra_helper</Filter>
    </ClInclude>
    <ClInclude Include="node.hpp">
      <Filter>Header Files\network</Filter>
    </ClInclude>
    <ClInclude Include="functions.hpp">
      <Filter>Header Files\helper</Filter>
    </ClInclude>
    <ClInclude Include="rand_ex.hpp">
      <Filter>Header Files\helper</Filter>
    </ClInclude>
    <ClInclude Include="_tests.h">
      <Filter>Header Files\tests</Filter>
    </ClInclude>
    <ClInclude Include="single_node.hpp">
      <Filter>Header Files\tests</Filter>
    </ClInclude>
  </ItemGroup>
</Project>